{
  "originHash" : "53b5b56e8aa4239a31247dd44c89cdcb260a67a57b30678736e29e190c9a059b",
  "pins" : [
    {
      "identity" : "bbc-news-swift",
      "kind" : "remoteSourceControl",
      "location" : "https://github.com/bilaalrashid/bbc-news-swift",
      "state" : {
        "branch" : "main",
        "revision" : "fbdfd0f13fe2fea84b47ab99fea20f3ac4c3b55f"
      }
    },
    {
      "identity" : "kingfisher",
      "kind" : "remoteSourceControl",
      "location" : "https://github.com/onevcat/Kingfisher",
      "state" : {
        "revision" : "2ef543ee21d63734e1c004ad6c870255e8716c50",
        "version" : "7.12.0"
      }
    },
    {
      "identity" : "lazypager",
      "kind" : "remoteSourceControl",
      "location" : "https://github.com/gh123man/LazyPager",
      "state" : {
        "revision" : "3601245191ffb0aa237ca408d7b4dd03b4d9d7eb",
        "version" : "1.1.7"
      }
    },
    {
      "identity" : "tldextractswift",
      "kind" : "remoteSourceControl",
      "location" : "https://github.com/MarcoEidinger/TLDExtractSwift",
      "state" : {
        "revision" : "5daf72e6f8b69609872f7f4563ff3e036940b25d",
        "version" : "2.3.15"
      }
    }
  ],
  "version" : 3
}
