{
  "originHash" : "53b5b56e8aa4239a31247dd44c89cdcb260a67a57b30678736e29e190c9a059b",
  "pins" : [
    {
      "identity" : "bbc-news-swift",
      "kind" : "remoteSourceControl",
      "location" : "https://github.com/bilaalrashid/bbc-news-swift",
      "state" : {
        "branch" : "main",
        "revision" : "9b4ab700bc20a3a0bfc10d53e11fafa4d528781e"
      }
    },
    {
      "identity" : "kingfisher",
      "kind" : "remoteSourceControl",
      "location" : "https://github.com/onevcat/Kingfisher",
      "state" : {
        "revision" : "2ef543ee21d63734e1c004ad6c870255e8716c50",
        "version" : "7.12.0"
      }
    },
    {
      "identity" : "lazypager",
      "kind" : "remoteSourceControl",
      "location" : "https://github.com/gh123man/LazyPager",
      "state" : {
        "revision" : "9dadeab5a66e7c4bff97b1e363f791b4ebfca1f6",
        "version" : "1.0.6"
      }
    },
    {
      "identity" : "tldextractswift",
      "kind" : "remoteSourceControl",
      "location" : "https://github.com/MarcoEidinger/TLDExtractSwift",
      "state" : {
        "revision" : "7c82b65eedcc5e309243a54268f167cf91755e84",
        "version" : "2.3.11"
      }
    }
  ],
  "version" : 3
}
