// !$*UTF8*$!
{
	archiveVersion = 1;
	classes = {
	};
	objectVersion = 56;
	objects = {

/* Begin PBXBuildFile section */
		3A44C5D72A9A9F86001AB40F /* ReadBeebApp.swift in Sources */ = {isa = PBXBuildFile; fileRef = 3A44C5D62A9A9F86001AB40F /* ReadBeebApp.swift */; };
		3A44C5D92A9A9F86001AB40F /* ContentView.swift in Sources */ = {isa = PBXBuildFile; fileRef = 3A44C5D82A9A9F86001AB40F /* ContentView.swift */; };
		3A44C5DB2A9A9F87001AB40F /* Assets.xcassets in Resources */ = {isa = PBXBuildFile; fileRef = 3A44C5DA2A9A9F87001AB40F /* Assets.xcassets */; };
		3A44C5DF2A9A9F87001AB40F /* Preview Assets.xcassets in Resources */ = {isa = PBXBuildFile; fileRef = 3A44C5DE2A9A9F87001AB40F /* Preview Assets.xcassets */; };
		3A44C5EE2A9AAD03001AB40F /* Alamofire in Frameworks */ = {isa = PBXBuildFile; productRef = 3A44C5ED2A9AAD03001AB40F /* Alamofire */; };
		3A44C5F22A9B536A001AB40F /* BBCNewsAPINetworkController.swift in Sources */ = {isa = PBXBuildFile; fileRef = 3A44C5F12A9B536A001AB40F /* BBCNewsAPINetworkController.swift */; };
		3A44C5FA2A9B5AA7001AB40F /* TopStoriesView.swift in Sources */ = {isa = PBXBuildFile; fileRef = 3A44C5F92A9B5AA7001AB40F /* TopStoriesView.swift */; };
		3A44C5FC2A9B5BD0001AB40F /* MyNewsView.swift in Sources */ = {isa = PBXBuildFile; fileRef = 3A44C5FB2A9B5BD0001AB40F /* MyNewsView.swift */; };
		3A44C5FE2A9B5BE2001AB40F /* PopularView.swift in Sources */ = {isa = PBXBuildFile; fileRef = 3A44C5FD2A9B5BE2001AB40F /* PopularView.swift */; };
		3A44C6002A9B5BF2001AB40F /* VideoView.swift in Sources */ = {isa = PBXBuildFile; fileRef = 3A44C5FF2A9B5BF2001AB40F /* VideoView.swift */; };
		3A44C6022A9B5C00001AB40F /* SearchView.swift in Sources */ = {isa = PBXBuildFile; fileRef = 3A44C6012A9B5C00001AB40F /* SearchView.swift */; };
		3A44C6042A9B63D8001AB40F /* Constants.swift in Sources */ = {isa = PBXBuildFile; fileRef = 3A44C6032A9B63D8001AB40F /* Constants.swift */; };
		3A44C6062A9B6449001AB40F /* Logger.swift in Sources */ = {isa = PBXBuildFile; fileRef = 3A44C6052A9B6449001AB40F /* Logger.swift */; };
		3A44C6082A9B739E001AB40F /* HierarchicalCollection.swift in Sources */ = {isa = PBXBuildFile; fileRef = 3A44C6072A9B739E001AB40F /* HierarchicalCollection.swift */; };
		3A44C60A2A9B73BA001AB40F /* CollectionHeader.swift in Sources */ = {isa = PBXBuildFile; fileRef = 3A44C6092A9B73BA001AB40F /* CollectionHeader.swift */; };
		3A44C60C2A9B73D5001AB40F /* SimpleCollection.swift in Sources */ = {isa = PBXBuildFile; fileRef = 3A44C60B2A9B73D5001AB40F /* SimpleCollection.swift */; };
		3A44C6122AA53D8A001AB40F /* StoryPromoRow.swift in Sources */ = {isa = PBXBuildFile; fileRef = 3A44C6112AA53D8A001AB40F /* StoryPromoRow.swift */; };
		3A4F65C72ADC7E72003673BF /* FDDestination+ShareUrl.swift in Sources */ = {isa = PBXBuildFile; fileRef = 3A4F65C62ADC7E72003673BF /* FDDestination+ShareUrl.swift */; };
		3A4F65C92ADC822B003673BF /* StoryView.swift in Sources */ = {isa = PBXBuildFile; fileRef = 3A4F65C82ADC822B003673BF /* StoryView.swift */; };
		3A4F65CB2ADC8AB9003673BF /* Billboard.swift in Sources */ = {isa = PBXBuildFile; fileRef = 3A4F65CA2ADC8AB9003673BF /* Billboard.swift */; };
		3A516D682AB25D1400AF0BC9 /* MediaView.swift in Sources */ = {isa = PBXBuildFile; fileRef = 3A516D672AB25D1400AF0BC9 /* MediaView.swift */; };
		3A516D6B2AB269AC00AF0BC9 /* BBCIPlayerAPINetworkController.swift in Sources */ = {isa = PBXBuildFile; fileRef = 3A516D6A2AB269AC00AF0BC9 /* BBCIPlayerAPINetworkController.swift */; };
		3A516D6D2AB26AA000AF0BC9 /* MediaSelectorResult.swift in Sources */ = {isa = PBXBuildFile; fileRef = 3A516D6C2AB26AA000AF0BC9 /* MediaSelectorResult.swift */; };
		3A516D6F2AB26BCC00AF0BC9 /* MediaSelectorItem.swift in Sources */ = {isa = PBXBuildFile; fileRef = 3A516D6E2AB26BCC00AF0BC9 /* MediaSelectorItem.swift */; };
		3A516D712AB26BE000AF0BC9 /* MediaSelectorConnection.swift in Sources */ = {isa = PBXBuildFile; fileRef = 3A516D702AB26BE000AF0BC9 /* MediaSelectorConnection.swift */; };
		3A516D732ABF1AA200AF0BC9 /* NetworkRequestStatus.swift in Sources */ = {isa = PBXBuildFile; fileRef = 3A516D722ABF1AA200AF0BC9 /* NetworkRequestStatus.swift */; };
		3A516D752AC09B5A00AF0BC9 /* MediaSelectorResult+ValidMedia.swift in Sources */ = {isa = PBXBuildFile; fileRef = 3A516D742AC09B5A00AF0BC9 /* MediaSelectorResult+ValidMedia.swift */; };
		3A516D772AC0A27C00AF0BC9 /* VideoPlayer.swift in Sources */ = {isa = PBXBuildFile; fileRef = 3A516D762AC0A27C00AF0BC9 /* VideoPlayer.swift */; };
		3A516D7B2AC0A2F500AF0BC9 /* BBCIPlayerVideoPlayer.swift in Sources */ = {isa = PBXBuildFile; fileRef = 3A516D7A2AC0A2F500AF0BC9 /* BBCIPlayerVideoPlayer.swift */; };
		3A516D7D2AC0CF5200AF0BC9 /* FDCopyright.swift in Sources */ = {isa = PBXBuildFile; fileRef = 3A516D7C2AC0CF5200AF0BC9 /* FDCopyright.swift */; };
		3A516D7F2AC0CFB300AF0BC9 /* Copyright.swift in Sources */ = {isa = PBXBuildFile; fileRef = 3A516D7E2AC0CFB300AF0BC9 /* Copyright.swift */; };
		3A75FA332AC87C0F00393014 /* Topics.json in Resources */ = {isa = PBXBuildFile; fileRef = 3A75FA322AC87C0F00393014 /* Topics.json */; };
		3A75FA382AC87D6A00393014 /* Topic.swift in Sources */ = {isa = PBXBuildFile; fileRef = 3A75FA372AC87D6A00393014 /* Topic.swift */; };
		3A75FA3A2AC87DCF00393014 /* TopicResult.swift in Sources */ = {isa = PBXBuildFile; fileRef = 3A75FA392AC87DCF00393014 /* TopicResult.swift */; };
		3A9124C92AA6872F00EC0DCF /* StoryDetailView.swift in Sources */ = {isa = PBXBuildFile; fileRef = 3A9124C82AA6872F00EC0DCF /* StoryDetailView.swift */; };
		3A9124CB2AAD2CCD00EC0DCF /* FDResult.swift in Sources */ = {isa = PBXBuildFile; fileRef = 3A9124CA2AAD2CCD00EC0DCF /* FDResult.swift */; };
		3A9124CD2AAD3CF700EC0DCF /* FDData+StructuredItems.swift in Sources */ = {isa = PBXBuildFile; fileRef = 3A9124CC2AAD3CF700EC0DCF /* FDData+StructuredItems.swift */; };
		3A9124CF2AAE0F2400EC0DCF /* FDData.swift in Sources */ = {isa = PBXBuildFile; fileRef = 3A9124CE2AAE0F2400EC0DCF /* FDData.swift */; };
		3A9124D12AAE0F3E00EC0DCF /* FDItem.swift in Sources */ = {isa = PBXBuildFile; fileRef = 3A9124D02AAE0F3E00EC0DCF /* FDItem.swift */; };
		3A9124D32AAE0F7D00EC0DCF /* FDBillboard.swift in Sources */ = {isa = PBXBuildFile; fileRef = 3A9124D22AAE0F7D00EC0DCF /* FDBillboard.swift */; };
		3A9124D52AAE0F9500EC0DCF /* FDHierarchicalCollection.swift in Sources */ = {isa = PBXBuildFile; fileRef = 3A9124D42AAE0F9500EC0DCF /* FDHierarchicalCollection.swift */; };
		3A9124D72AAE0FAE00EC0DCF /* FDCollectionHeader.swift in Sources */ = {isa = PBXBuildFile; fileRef = 3A9124D62AAE0FAE00EC0DCF /* FDCollectionHeader.swift */; };
		3A9124D92AAE0FC500EC0DCF /* FDSimpleCollection.swift in Sources */ = {isa = PBXBuildFile; fileRef = 3A9124D82AAE0FC500EC0DCF /* FDSimpleCollection.swift */; };
		3A9124DB2AAE0FF500EC0DCF /* FDCarousel.swift in Sources */ = {isa = PBXBuildFile; fileRef = 3A9124DA2AAE0FF500EC0DCF /* FDCarousel.swift */; };
		3A9124DD2AAE100700EC0DCF /* FDStoryPromo.swift in Sources */ = {isa = PBXBuildFile; fileRef = 3A9124DC2AAE100700EC0DCF /* FDStoryPromo.swift */; };
		3A9124DF2AAE102000EC0DCF /* FDLink.swift in Sources */ = {isa = PBXBuildFile; fileRef = 3A9124DE2AAE102000EC0DCF /* FDLink.swift */; };
		3A9124E12AAE103000EC0DCF /* FDPresentation.swift in Sources */ = {isa = PBXBuildFile; fileRef = 3A9124E02AAE103000EC0DCF /* FDPresentation.swift */; };
		3A9124E32AAE104100EC0DCF /* FDTopic.swift in Sources */ = {isa = PBXBuildFile; fileRef = 3A9124E22AAE104100EC0DCF /* FDTopic.swift */; };
		3A9124E52AAE106000EC0DCF /* FDImage.swift in Sources */ = {isa = PBXBuildFile; fileRef = 3A9124E42AAE106000EC0DCF /* FDImage.swift */; };
		3A9124E72AAE106F00EC0DCF /* FDMedia.swift in Sources */ = {isa = PBXBuildFile; fileRef = 3A9124E62AAE106F00EC0DCF /* FDMedia.swift */; };
		3A9124E92AAE10B200EC0DCF /* FDHeadline.swift in Sources */ = {isa = PBXBuildFile; fileRef = 3A9124E82AAE10B200EC0DCF /* FDHeadline.swift */; };
		3A9124EB2AAE10CD00EC0DCF /* FDTextContainer.swift in Sources */ = {isa = PBXBuildFile; fileRef = 3A9124EA2AAE10CD00EC0DCF /* FDTextContainer.swift */; };
		3A9124ED2AAE10E500EC0DCF /* FDContentList.swift in Sources */ = {isa = PBXBuildFile; fileRef = 3A9124EC2AAE10E500EC0DCF /* FDContentList.swift */; };
		3A9124EF2AAE10F300EC0DCF /* FDSectionHeader.swift in Sources */ = {isa = PBXBuildFile; fileRef = 3A9124EE2AAE10F300EC0DCF /* FDSectionHeader.swift */; };
		3A9124F12AAE110900EC0DCF /* FDWeatherPromoSummary.swift in Sources */ = {isa = PBXBuildFile; fileRef = 3A9124F02AAE110900EC0DCF /* FDWeatherPromoSummary.swift */; };
		3A9124F32AAE112000EC0DCF /* FDChipList.swift in Sources */ = {isa = PBXBuildFile; fileRef = 3A9124F22AAE112000EC0DCF /* FDChipList.swift */; };
		3A9124F52AAE12EA00EC0DCF /* Int+FormattedTimestamp.swift in Sources */ = {isa = PBXBuildFile; fileRef = 3A9124F42AAE12EA00EC0DCF /* Int+FormattedTimestamp.swift */; };
		3A9124F72AAE13DB00EC0DCF /* FDImage+ImageUrl.swift in Sources */ = {isa = PBXBuildFile; fileRef = 3A9124F62AAE13DB00EC0DCF /* FDImage+ImageUrl.swift */; };
		3A9124F92AAE20CD00EC0DCF /* TextContainer.swift in Sources */ = {isa = PBXBuildFile; fileRef = 3A9124F82AAE20CD00EC0DCF /* TextContainer.swift */; };
		3A9124FB2AAE221300EC0DCF /* SectionHeader.swift in Sources */ = {isa = PBXBuildFile; fileRef = 3A9124FA2AAE221300EC0DCF /* SectionHeader.swift */; };
		3A9124FD2AAE237B00EC0DCF /* View+Modify.swift in Sources */ = {isa = PBXBuildFile; fileRef = 3A9124FC2AAE237B00EC0DCF /* View+Modify.swift */; };
		3A9124FF2AAE289700EC0DCF /* ImageView.swift in Sources */ = {isa = PBXBuildFile; fileRef = 3A9124FE2AAE289700EC0DCF /* ImageView.swift */; };
		3A9125012AAE82C800EC0DCF /* StoryWebView.swift in Sources */ = {isa = PBXBuildFile; fileRef = 3A9125002AAE82C800EC0DCF /* StoryWebView.swift */; };
		3A9125032AAFAE6500EC0DCF /* String+Substring.swift in Sources */ = {isa = PBXBuildFile; fileRef = 3A9125022AAFAE6400EC0DCF /* String+Substring.swift */; };
		3A9125052AAFB9A700EC0DCF /* ContentList.swift in Sources */ = {isa = PBXBuildFile; fileRef = 3A9125042AAFB9A700EC0DCF /* ContentList.swift */; };
		3A9125072AAFC39200EC0DCF /* Headline.swift in Sources */ = {isa = PBXBuildFile; fileRef = 3A9125062AAFC39200EC0DCF /* Headline.swift */; };
		3AC017BE2AC9B8510010EBBE /* TopicSelectionView.swift in Sources */ = {isa = PBXBuildFile; fileRef = 3AC017BD2AC9B8510010EBBE /* TopicSelectionView.swift */; };
		3AC017C02AC9BDB30010EBBE /* Bundle+Decode.swift in Sources */ = {isa = PBXBuildFile; fileRef = 3AC017BF2AC9BDB30010EBBE /* Bundle+Decode.swift */; };
		3AC017C22AC9E4690010EBBE /* FDSimplePromoGrid.swift in Sources */ = {isa = PBXBuildFile; fileRef = 3AC017C12AC9E4690010EBBE /* FDSimplePromoGrid.swift */; };
		3AC017C42AC9E8620010EBBE /* SimplePromoGrid.swift in Sources */ = {isa = PBXBuildFile; fileRef = 3AC017C32AC9E8620010EBBE /* SimplePromoGrid.swift */; };
/* End PBXBuildFile section */

/* Begin PBXFileReference section */
		3A44C5D32A9A9F86001AB40F /* ReadBeeb.app */ = {isa = PBXFileReference; explicitFileType = wrapper.application; includeInIndex = 0; path = ReadBeeb.app; sourceTree = BUILT_PRODUCTS_DIR; };
		3A44C5D62A9A9F86001AB40F /* ReadBeebApp.swift */ = {isa = PBXFileReference; lastKnownFileType = sourcecode.swift; path = ReadBeebApp.swift; sourceTree = "<group>"; };
		3A44C5D82A9A9F86001AB40F /* ContentView.swift */ = {isa = PBXFileReference; lastKnownFileType = sourcecode.swift; path = ContentView.swift; sourceTree = "<group>"; };
		3A44C5DA2A9A9F87001AB40F /* Assets.xcassets */ = {isa = PBXFileReference; lastKnownFileType = folder.assetcatalog; path = Assets.xcassets; sourceTree = "<group>"; };
		3A44C5DC2A9A9F87001AB40F /* ReadBeeb.entitlements */ = {isa = PBXFileReference; lastKnownFileType = text.plist.entitlements; path = ReadBeeb.entitlements; sourceTree = "<group>"; };
		3A44C5DE2A9A9F87001AB40F /* Preview Assets.xcassets */ = {isa = PBXFileReference; lastKnownFileType = folder.assetcatalog; path = "Preview Assets.xcassets"; sourceTree = "<group>"; };
		3A44C5E52A9AA076001AB40F /* README.md */ = {isa = PBXFileReference; lastKnownFileType = net.daringfireball.markdown; path = README.md; sourceTree = "<group>"; };
		3A44C5F02A9AB230001AB40F /* API.md */ = {isa = PBXFileReference; lastKnownFileType = net.daringfireball.markdown; path = API.md; sourceTree = "<group>"; };
		3A44C5F12A9B536A001AB40F /* BBCNewsAPINetworkController.swift */ = {isa = PBXFileReference; lastKnownFileType = sourcecode.swift; path = BBCNewsAPINetworkController.swift; sourceTree = "<group>"; };
		3A44C5F92A9B5AA7001AB40F /* TopStoriesView.swift */ = {isa = PBXFileReference; lastKnownFileType = sourcecode.swift; path = TopStoriesView.swift; sourceTree = "<group>"; };
		3A44C5FB2A9B5BD0001AB40F /* MyNewsView.swift */ = {isa = PBXFileReference; lastKnownFileType = sourcecode.swift; path = MyNewsView.swift; sourceTree = "<group>"; };
		3A44C5FD2A9B5BE2001AB40F /* PopularView.swift */ = {isa = PBXFileReference; lastKnownFileType = sourcecode.swift; path = PopularView.swift; sourceTree = "<group>"; };
		3A44C5FF2A9B5BF2001AB40F /* VideoView.swift */ = {isa = PBXFileReference; lastKnownFileType = sourcecode.swift; path = VideoView.swift; sourceTree = "<group>"; };
		3A44C6012A9B5C00001AB40F /* SearchView.swift */ = {isa = PBXFileReference; lastKnownFileType = sourcecode.swift; path = SearchView.swift; sourceTree = "<group>"; };
		3A44C6032A9B63D8001AB40F /* Constants.swift */ = {isa = PBXFileReference; lastKnownFileType = sourcecode.swift; path = Constants.swift; sourceTree = "<group>"; };
		3A44C6052A9B6449001AB40F /* Logger.swift */ = {isa = PBXFileReference; lastKnownFileType = sourcecode.swift; path = Logger.swift; sourceTree = "<group>"; };
		3A44C6072A9B739E001AB40F /* HierarchicalCollection.swift */ = {isa = PBXFileReference; lastKnownFileType = sourcecode.swift; path = HierarchicalCollection.swift; sourceTree = "<group>"; };
		3A44C6092A9B73BA001AB40F /* CollectionHeader.swift */ = {isa = PBXFileReference; lastKnownFileType = sourcecode.swift; path = CollectionHeader.swift; sourceTree = "<group>"; };
		3A44C60B2A9B73D5001AB40F /* SimpleCollection.swift */ = {isa = PBXFileReference; lastKnownFileType = sourcecode.swift; path = SimpleCollection.swift; sourceTree = "<group>"; };
		3A44C6112AA53D8A001AB40F /* StoryPromoRow.swift */ = {isa = PBXFileReference; lastKnownFileType = sourcecode.swift; path = StoryPromoRow.swift; sourceTree = "<group>"; };
		3A4F65C62ADC7E72003673BF /* FDDestination+ShareUrl.swift */ = {isa = PBXFileReference; lastKnownFileType = sourcecode.swift; path = "FDDestination+ShareUrl.swift"; sourceTree = "<group>"; };
		3A4F65C82ADC822B003673BF /* StoryView.swift */ = {isa = PBXFileReference; lastKnownFileType = sourcecode.swift; path = StoryView.swift; sourceTree = "<group>"; };
		3A4F65CA2ADC8AB9003673BF /* Billboard.swift */ = {isa = PBXFileReference; lastKnownFileType = sourcecode.swift; path = Billboard.swift; sourceTree = "<group>"; };
		3A516D672AB25D1400AF0BC9 /* MediaView.swift */ = {isa = PBXFileReference; lastKnownFileType = sourcecode.swift; path = MediaView.swift; sourceTree = "<group>"; };
		3A516D6A2AB269AC00AF0BC9 /* BBCIPlayerAPINetworkController.swift */ = {isa = PBXFileReference; lastKnownFileType = sourcecode.swift; path = BBCIPlayerAPINetworkController.swift; sourceTree = "<group>"; };
		3A516D6C2AB26AA000AF0BC9 /* MediaSelectorResult.swift */ = {isa = PBXFileReference; lastKnownFileType = sourcecode.swift; path = MediaSelectorResult.swift; sourceTree = "<group>"; };
		3A516D6E2AB26BCC00AF0BC9 /* MediaSelectorItem.swift */ = {isa = PBXFileReference; lastKnownFileType = sourcecode.swift; path = MediaSelectorItem.swift; sourceTree = "<group>"; };
		3A516D702AB26BE000AF0BC9 /* MediaSelectorConnection.swift */ = {isa = PBXFileReference; lastKnownFileType = sourcecode.swift; path = MediaSelectorConnection.swift; sourceTree = "<group>"; };
		3A516D722ABF1AA200AF0BC9 /* NetworkRequestStatus.swift */ = {isa = PBXFileReference; lastKnownFileType = sourcecode.swift; path = NetworkRequestStatus.swift; sourceTree = "<group>"; };
		3A516D742AC09B5A00AF0BC9 /* MediaSelectorResult+ValidMedia.swift */ = {isa = PBXFileReference; lastKnownFileType = sourcecode.swift; path = "MediaSelectorResult+ValidMedia.swift"; sourceTree = "<group>"; };
		3A516D762AC0A27C00AF0BC9 /* VideoPlayer.swift */ = {isa = PBXFileReference; lastKnownFileType = sourcecode.swift; path = VideoPlayer.swift; sourceTree = "<group>"; };
		3A516D7A2AC0A2F500AF0BC9 /* BBCIPlayerVideoPlayer.swift */ = {isa = PBXFileReference; lastKnownFileType = sourcecode.swift; path = BBCIPlayerVideoPlayer.swift; sourceTree = "<group>"; };
		3A516D7C2AC0CF5200AF0BC9 /* FDCopyright.swift */ = {isa = PBXFileReference; lastKnownFileType = sourcecode.swift; path = FDCopyright.swift; sourceTree = "<group>"; };
		3A516D7E2AC0CFB300AF0BC9 /* Copyright.swift */ = {isa = PBXFileReference; lastKnownFileType = sourcecode.swift; path = Copyright.swift; sourceTree = "<group>"; };
		3A75FA322AC87C0F00393014 /* Topics.json */ = {isa = PBXFileReference; lastKnownFileType = text.json; path = Topics.json; sourceTree = "<group>"; };
		3A75FA372AC87D6A00393014 /* Topic.swift */ = {isa = PBXFileReference; lastKnownFileType = sourcecode.swift; path = Topic.swift; sourceTree = "<group>"; };
		3A75FA392AC87DCF00393014 /* TopicResult.swift */ = {isa = PBXFileReference; lastKnownFileType = sourcecode.swift; path = TopicResult.swift; sourceTree = "<group>"; };
		3A9124C82AA6872F00EC0DCF /* StoryDetailView.swift */ = {isa = PBXFileReference; lastKnownFileType = sourcecode.swift; path = StoryDetailView.swift; sourceTree = "<group>"; };
		3A9124CA2AAD2CCD00EC0DCF /* FDResult.swift */ = {isa = PBXFileReference; lastKnownFileType = sourcecode.swift; path = FDResult.swift; sourceTree = "<group>"; };
		3A9124CC2AAD3CF700EC0DCF /* FDData+StructuredItems.swift */ = {isa = PBXFileReference; lastKnownFileType = sourcecode.swift; path = "FDData+StructuredItems.swift"; sourceTree = "<group>"; };
		3A9124CE2AAE0F2400EC0DCF /* FDData.swift */ = {isa = PBXFileReference; lastKnownFileType = sourcecode.swift; path = FDData.swift; sourceTree = "<group>"; };
		3A9124D02AAE0F3E00EC0DCF /* FDItem.swift */ = {isa = PBXFileReference; lastKnownFileType = sourcecode.swift; path = FDItem.swift; sourceTree = "<group>"; };
		3A9124D22AAE0F7D00EC0DCF /* FDBillboard.swift */ = {isa = PBXFileReference; lastKnownFileType = sourcecode.swift; path = FDBillboard.swift; sourceTree = "<group>"; };
		3A9124D42AAE0F9500EC0DCF /* FDHierarchicalCollection.swift */ = {isa = PBXFileReference; lastKnownFileType = sourcecode.swift; path = FDHierarchicalCollection.swift; sourceTree = "<group>"; };
		3A9124D62AAE0FAE00EC0DCF /* FDCollectionHeader.swift */ = {isa = PBXFileReference; lastKnownFileType = sourcecode.swift; path = FDCollectionHeader.swift; sourceTree = "<group>"; };
		3A9124D82AAE0FC500EC0DCF /* FDSimpleCollection.swift */ = {isa = PBXFileReference; lastKnownFileType = sourcecode.swift; path = FDSimpleCollection.swift; sourceTree = "<group>"; };
		3A9124DA2AAE0FF500EC0DCF /* FDCarousel.swift */ = {isa = PBXFileReference; lastKnownFileType = sourcecode.swift; path = FDCarousel.swift; sourceTree = "<group>"; };
		3A9124DC2AAE100700EC0DCF /* FDStoryPromo.swift */ = {isa = PBXFileReference; lastKnownFileType = sourcecode.swift; path = FDStoryPromo.swift; sourceTree = "<group>"; };
		3A9124DE2AAE102000EC0DCF /* FDLink.swift */ = {isa = PBXFileReference; lastKnownFileType = sourcecode.swift; path = FDLink.swift; sourceTree = "<group>"; };
		3A9124E02AAE103000EC0DCF /* FDPresentation.swift */ = {isa = PBXFileReference; lastKnownFileType = sourcecode.swift; path = FDPresentation.swift; sourceTree = "<group>"; };
		3A9124E22AAE104100EC0DCF /* FDTopic.swift */ = {isa = PBXFileReference; lastKnownFileType = sourcecode.swift; path = FDTopic.swift; sourceTree = "<group>"; };
		3A9124E42AAE106000EC0DCF /* FDImage.swift */ = {isa = PBXFileReference; lastKnownFileType = sourcecode.swift; path = FDImage.swift; sourceTree = "<group>"; };
		3A9124E62AAE106F00EC0DCF /* FDMedia.swift */ = {isa = PBXFileReference; lastKnownFileType = sourcecode.swift; path = FDMedia.swift; sourceTree = "<group>"; };
		3A9124E82AAE10B200EC0DCF /* FDHeadline.swift */ = {isa = PBXFileReference; lastKnownFileType = sourcecode.swift; path = FDHeadline.swift; sourceTree = "<group>"; };
		3A9124EA2AAE10CD00EC0DCF /* FDTextContainer.swift */ = {isa = PBXFileReference; lastKnownFileType = sourcecode.swift; path = FDTextContainer.swift; sourceTree = "<group>"; };
		3A9124EC2AAE10E500EC0DCF /* FDContentList.swift */ = {isa = PBXFileReference; lastKnownFileType = sourcecode.swift; path = FDContentList.swift; sourceTree = "<group>"; };
		3A9124EE2AAE10F300EC0DCF /* FDSectionHeader.swift */ = {isa = PBXFileReference; lastKnownFileType = sourcecode.swift; path = FDSectionHeader.swift; sourceTree = "<group>"; };
		3A9124F02AAE110900EC0DCF /* FDWeatherPromoSummary.swift */ = {isa = PBXFileReference; lastKnownFileType = sourcecode.swift; path = FDWeatherPromoSummary.swift; sourceTree = "<group>"; };
		3A9124F22AAE112000EC0DCF /* FDChipList.swift */ = {isa = PBXFileReference; lastKnownFileType = sourcecode.swift; path = FDChipList.swift; sourceTree = "<group>"; };
		3A9124F42AAE12EA00EC0DCF /* Int+FormattedTimestamp.swift */ = {isa = PBXFileReference; lastKnownFileType = sourcecode.swift; path = "Int+FormattedTimestamp.swift"; sourceTree = "<group>"; };
		3A9124F62AAE13DB00EC0DCF /* FDImage+ImageUrl.swift */ = {isa = PBXFileReference; lastKnownFileType = sourcecode.swift; path = "FDImage+ImageUrl.swift"; sourceTree = "<group>"; };
		3A9124F82AAE20CD00EC0DCF /* TextContainer.swift */ = {isa = PBXFileReference; lastKnownFileType = sourcecode.swift; path = TextContainer.swift; sourceTree = "<group>"; };
		3A9124FA2AAE221300EC0DCF /* SectionHeader.swift */ = {isa = PBXFileReference; lastKnownFileType = sourcecode.swift; path = SectionHeader.swift; sourceTree = "<group>"; };
		3A9124FC2AAE237B00EC0DCF /* View+Modify.swift */ = {isa = PBXFileReference; lastKnownFileType = sourcecode.swift; path = "View+Modify.swift"; sourceTree = "<group>"; };
		3A9124FE2AAE289700EC0DCF /* ImageView.swift */ = {isa = PBXFileReference; lastKnownFileType = sourcecode.swift; path = ImageView.swift; sourceTree = "<group>"; };
		3A9125002AAE82C800EC0DCF /* StoryWebView.swift */ = {isa = PBXFileReference; lastKnownFileType = sourcecode.swift; path = StoryWebView.swift; sourceTree = "<group>"; };
		3A9125022AAFAE6400EC0DCF /* String+Substring.swift */ = {isa = PBXFileReference; lastKnownFileType = sourcecode.swift; path = "String+Substring.swift"; sourceTree = "<group>"; };
		3A9125042AAFB9A700EC0DCF /* ContentList.swift */ = {isa = PBXFileReference; lastKnownFileType = sourcecode.swift; path = ContentList.swift; sourceTree = "<group>"; };
		3A9125062AAFC39200EC0DCF /* Headline.swift */ = {isa = PBXFileReference; lastKnownFileType = sourcecode.swift; path = Headline.swift; sourceTree = "<group>"; };
		3AC017BD2AC9B8510010EBBE /* TopicSelectionView.swift */ = {isa = PBXFileReference; lastKnownFileType = sourcecode.swift; path = TopicSelectionView.swift; sourceTree = "<group>"; };
		3AC017BF2AC9BDB30010EBBE /* Bundle+Decode.swift */ = {isa = PBXFileReference; lastKnownFileType = sourcecode.swift; path = "Bundle+Decode.swift"; sourceTree = "<group>"; };
		3AC017C12AC9E4690010EBBE /* FDSimplePromoGrid.swift */ = {isa = PBXFileReference; lastKnownFileType = sourcecode.swift; path = FDSimplePromoGrid.swift; sourceTree = "<group>"; };
		3AC017C32AC9E8620010EBBE /* SimplePromoGrid.swift */ = {isa = PBXFileReference; lastKnownFileType = sourcecode.swift; path = SimplePromoGrid.swift; sourceTree = "<group>"; };
/* End PBXFileReference section */

/* Begin PBXFrameworksBuildPhase section */
		3A44C5D02A9A9F86001AB40F /* Frameworks */ = {
			isa = PBXFrameworksBuildPhase;
			buildActionMask = 2147483647;
			files = (
				3A44C5EE2A9AAD03001AB40F /* Alamofire in Frameworks */,
			);
			runOnlyForDeploymentPostprocessing = 0;
		};
/* End PBXFrameworksBuildPhase section */

/* Begin PBXGroup section */
		3A44C5CA2A9A9F86001AB40F = {
			isa = PBXGroup;
			children = (
				3A44C5E52A9AA076001AB40F /* README.md */,
				3A44C5EF2A9AB212001AB40F /* Docs */,
				3A44C5D52A9A9F86001AB40F /* ReadBeeb */,
				3A44C5D42A9A9F86001AB40F /* Products */,
			);
			sourceTree = "<group>";
		};
		3A44C5D42A9A9F86001AB40F /* Products */ = {
			isa = PBXGroup;
			children = (
				3A44C5D32A9A9F86001AB40F /* ReadBeeb.app */,
			);
			name = Products;
			sourceTree = "<group>";
		};
		3A44C5D52A9A9F86001AB40F /* ReadBeeb */ = {
			isa = PBXGroup;
			children = (
				3A44C5E62A9AA1E7001AB40F /* Components */,
				3A44C5E72A9AA1EF001AB40F /* Views */,
				3A44C5E82A9AA1F8001AB40F /* Models */,
				3A44C5E92A9AA202001AB40F /* Helpers */,
				3A44C5EA2A9AA20B001AB40F /* Network */,
				3A44C5EB2A9AA213001AB40F /* Extensions */,
				3A75FA312AC87C0000393014 /* Files */,
				3A44C5D62A9A9F86001AB40F /* ReadBeebApp.swift */,
				3A44C5D82A9A9F86001AB40F /* ContentView.swift */,
				3A44C6032A9B63D8001AB40F /* Constants.swift */,
				3A44C5DA2A9A9F87001AB40F /* Assets.xcassets */,
				3A44C5DC2A9A9F87001AB40F /* ReadBeeb.entitlements */,
				3A44C5DD2A9A9F87001AB40F /* Preview Content */,
			);
			path = ReadBeeb;
			sourceTree = "<group>";
		};
		3A44C5DD2A9A9F87001AB40F /* Preview Content */ = {
			isa = PBXGroup;
			children = (
				3A44C5DE2A9A9F87001AB40F /* Preview Assets.xcassets */,
			);
			path = "Preview Content";
			sourceTree = "<group>";
		};
		3A44C5E62A9AA1E7001AB40F /* Components */ = {
			isa = PBXGroup;
			children = (
				3A44C6072A9B739E001AB40F /* HierarchicalCollection.swift */,
				3A44C6092A9B73BA001AB40F /* CollectionHeader.swift */,
				3A44C60B2A9B73D5001AB40F /* SimpleCollection.swift */,
				3A4F65CA2ADC8AB9003673BF /* Billboard.swift */,
				3AC017C32AC9E8620010EBBE /* SimplePromoGrid.swift */,
				3A44C6112AA53D8A001AB40F /* StoryPromoRow.swift */,
				3A9124F82AAE20CD00EC0DCF /* TextContainer.swift */,
				3A9124FA2AAE221300EC0DCF /* SectionHeader.swift */,
				3A516D7E2AC0CFB300AF0BC9 /* Copyright.swift */,
				3A9124FE2AAE289700EC0DCF /* ImageView.swift */,
				3A516D672AB25D1400AF0BC9 /* MediaView.swift */,
				3A9125002AAE82C800EC0DCF /* StoryWebView.swift */,
				3A9125042AAFB9A700EC0DCF /* ContentList.swift */,
				3A9125062AAFC39200EC0DCF /* Headline.swift */,
				3A516D7A2AC0A2F500AF0BC9 /* BBCIPlayerVideoPlayer.swift */,
				3A516D762AC0A27C00AF0BC9 /* VideoPlayer.swift */,
				3A4F65C82ADC822B003673BF /* StoryView.swift */,
			);
			path = Components;
			sourceTree = "<group>";
		};
		3A44C5E72A9AA1EF001AB40F /* Views */ = {
			isa = PBXGroup;
			children = (
				3A44C5F92A9B5AA7001AB40F /* TopStoriesView.swift */,
				3A44C5FB2A9B5BD0001AB40F /* MyNewsView.swift */,
				3A44C5FD2A9B5BE2001AB40F /* PopularView.swift */,
				3A44C5FF2A9B5BF2001AB40F /* VideoView.swift */,
				3A44C6012A9B5C00001AB40F /* SearchView.swift */,
				3A9124C82AA6872F00EC0DCF /* StoryDetailView.swift */,
				3AC017BD2AC9B8510010EBBE /* TopicSelectionView.swift */,
			);
			path = Views;
			sourceTree = "<group>";
		};
		3A44C5E82A9AA1F8001AB40F /* Models */ = {
			isa = PBXGroup;
			children = (
				3A75FA342AC87D1600393014 /* Topics */,
				3A516D692AB2695700AF0BC9 /* BBCIPlayerAPI */,
				3A44C5F32A9B5651001AB40F /* BBCNewsAPI */,
				3A516D722ABF1AA200AF0BC9 /* NetworkRequestStatus.swift */,
			);
			path = Models;
			sourceTree = "<group>";
		};
		3A44C5E92A9AA202001AB40F /* Helpers */ = {
			isa = PBXGroup;
			children = (
			);
			path = Helpers;
			sourceTree = "<group>";
		};
		3A44C5EA2A9AA20B001AB40F /* Network */ = {
			isa = PBXGroup;
			children = (
				3A516D6A2AB269AC00AF0BC9 /* BBCIPlayerAPINetworkController.swift */,
				3A44C5F12A9B536A001AB40F /* BBCNewsAPINetworkController.swift */,
			);
			path = Network;
			sourceTree = "<group>";
		};
		3A44C5EB2A9AA213001AB40F /* Extensions */ = {
			isa = PBXGroup;
			children = (
				3A44C6052A9B6449001AB40F /* Logger.swift */,
				3A9124CC2AAD3CF700EC0DCF /* FDData+StructuredItems.swift */,
				3A9124F42AAE12EA00EC0DCF /* Int+FormattedTimestamp.swift */,
				3A9124F62AAE13DB00EC0DCF /* FDImage+ImageUrl.swift */,
				3A9124FC2AAE237B00EC0DCF /* View+Modify.swift */,
				3A9125022AAFAE6400EC0DCF /* String+Substring.swift */,
				3A516D742AC09B5A00AF0BC9 /* MediaSelectorResult+ValidMedia.swift */,
				3AC017BF2AC9BDB30010EBBE /* Bundle+Decode.swift */,
				3A4F65C62ADC7E72003673BF /* FDDestination+ShareUrl.swift */,
			);
			path = Extensions;
			sourceTree = "<group>";
		};
		3A44C5EF2A9AB212001AB40F /* Docs */ = {
			isa = PBXGroup;
			children = (
				3A44C5F02A9AB230001AB40F /* API.md */,
			);
			path = Docs;
			sourceTree = "<group>";
		};
		3A44C5F32A9B5651001AB40F /* BBCNewsAPI */ = {
			isa = PBXGroup;
			children = (
				3A9124CA2AAD2CCD00EC0DCF /* FDResult.swift */,
				3A9124CE2AAE0F2400EC0DCF /* FDData.swift */,
				3A9124D02AAE0F3E00EC0DCF /* FDItem.swift */,
				3A9124D22AAE0F7D00EC0DCF /* FDBillboard.swift */,
				3A9124D42AAE0F9500EC0DCF /* FDHierarchicalCollection.swift */,
				3A9124D62AAE0FAE00EC0DCF /* FDCollectionHeader.swift */,
				3A9124D82AAE0FC500EC0DCF /* FDSimpleCollection.swift */,
				3AC017C12AC9E4690010EBBE /* FDSimplePromoGrid.swift */,
				3A9124DA2AAE0FF500EC0DCF /* FDCarousel.swift */,
				3A9124DC2AAE100700EC0DCF /* FDStoryPromo.swift */,
				3A9124F02AAE110900EC0DCF /* FDWeatherPromoSummary.swift */,
				3A9124F22AAE112000EC0DCF /* FDChipList.swift */,
				3A516D7C2AC0CF5200AF0BC9 /* FDCopyright.swift */,
				3A9124DE2AAE102000EC0DCF /* FDLink.swift */,
				3A9124E02AAE103000EC0DCF /* FDPresentation.swift */,
				3A9124E22AAE104100EC0DCF /* FDTopic.swift */,
				3A9124E42AAE106000EC0DCF /* FDImage.swift */,
				3A9124E62AAE106F00EC0DCF /* FDMedia.swift */,
				3A9124E82AAE10B200EC0DCF /* FDHeadline.swift */,
				3A9124EA2AAE10CD00EC0DCF /* FDTextContainer.swift */,
				3A9124EC2AAE10E500EC0DCF /* FDContentList.swift */,
				3A9124EE2AAE10F300EC0DCF /* FDSectionHeader.swift */,
			);
			path = BBCNewsAPI;
			sourceTree = "<group>";
		};
		3A516D692AB2695700AF0BC9 /* BBCIPlayerAPI */ = {
			isa = PBXGroup;
			children = (
				3A516D6C2AB26AA000AF0BC9 /* MediaSelectorResult.swift */,
				3A516D6E2AB26BCC00AF0BC9 /* MediaSelectorItem.swift */,
				3A516D702AB26BE000AF0BC9 /* MediaSelectorConnection.swift */,
			);
			path = BBCIPlayerAPI;
			sourceTree = "<group>";
		};
		3A75FA312AC87C0000393014 /* Files */ = {
			isa = PBXGroup;
			children = (
				3A75FA322AC87C0F00393014 /* Topics.json */,
			);
			path = Files;
			sourceTree = "<group>";
		};
		3A75FA342AC87D1600393014 /* Topics */ = {
			isa = PBXGroup;
			children = (
				3A75FA372AC87D6A00393014 /* Topic.swift */,
				3A75FA392AC87DCF00393014 /* TopicResult.swift */,
			);
			path = Topics;
			sourceTree = "<group>";
		};
/* End PBXGroup section */

/* Begin PBXNativeTarget section */
		3A44C5D22A9A9F86001AB40F /* ReadBeeb */ = {
			isa = PBXNativeTarget;
			buildConfigurationList = 3A44C5E22A9A9F87001AB40F /* Build configuration list for PBXNativeTarget "ReadBeeb" */;
			buildPhases = (
				3A44C5CF2A9A9F86001AB40F /* Sources */,
				3A44C5D02A9A9F86001AB40F /* Frameworks */,
				3A44C5D12A9A9F86001AB40F /* Resources */,
			);
			buildRules = (
			);
			dependencies = (
			);
			name = ReadBeeb;
			packageProductDependencies = (
				3A44C5ED2A9AAD03001AB40F /* Alamofire */,
			);
			productName = ReadBeeb;
			productReference = 3A44C5D32A9A9F86001AB40F /* ReadBeeb.app */;
			productType = "com.apple.product-type.application";
		};
/* End PBXNativeTarget section */

/* Begin PBXProject section */
		3A44C5CB2A9A9F86001AB40F /* Project object */ = {
			isa = PBXProject;
			attributes = {
				BuildIndependentTargetsInParallel = 1;
				LastSwiftUpdateCheck = 1430;
				LastUpgradeCheck = 1500;
				TargetAttributes = {
					3A44C5D22A9A9F86001AB40F = {
						CreatedOnToolsVersion = 14.3.1;
					};
				};
			};
			buildConfigurationList = 3A44C5CE2A9A9F86001AB40F /* Build configuration list for PBXProject "ReadBeeb" */;
			compatibilityVersion = "Xcode 14.0";
			developmentRegion = en;
			hasScannedForEncodings = 0;
			knownRegions = (
				en,
				Base,
			);
			mainGroup = 3A44C5CA2A9A9F86001AB40F;
			packageReferences = (
				3A44C5EC2A9AAD03001AB40F /* XCRemoteSwiftPackageReference "Alamofire" */,
			);
			productRefGroup = 3A44C5D42A9A9F86001AB40F /* Products */;
			projectDirPath = "";
			projectRoot = "";
			targets = (
				3A44C5D22A9A9F86001AB40F /* ReadBeeb */,
			);
		};
/* End PBXProject section */

/* Begin PBXResourcesBuildPhase section */
		3A44C5D12A9A9F86001AB40F /* Resources */ = {
			isa = PBXResourcesBuildPhase;
			buildActionMask = 2147483647;
			files = (
				3A44C5DF2A9A9F87001AB40F /* Preview Assets.xcassets in Resources */,
				3A75FA332AC87C0F00393014 /* Topics.json in Resources */,
				3A44C5DB2A9A9F87001AB40F /* Assets.xcassets in Resources */,
			);
			runOnlyForDeploymentPostprocessing = 0;
		};
/* End PBXResourcesBuildPhase section */

/* Begin PBXSourcesBuildPhase section */
		3A44C5CF2A9A9F86001AB40F /* Sources */ = {
			isa = PBXSourcesBuildPhase;
			buildActionMask = 2147483647;
			files = (
				3A44C5F22A9B536A001AB40F /* BBCNewsAPINetworkController.swift in Sources */,
				3A516D7F2AC0CFB300AF0BC9 /* Copyright.swift in Sources */,
				3A9124EB2AAE10CD00EC0DCF /* FDTextContainer.swift in Sources */,
				3A44C6062A9B6449001AB40F /* Logger.swift in Sources */,
				3A9124E52AAE106000EC0DCF /* FDImage.swift in Sources */,
				3A516D6B2AB269AC00AF0BC9 /* BBCIPlayerAPINetworkController.swift in Sources */,
				3A9124D32AAE0F7D00EC0DCF /* FDBillboard.swift in Sources */,
				3AC017BE2AC9B8510010EBBE /* TopicSelectionView.swift in Sources */,
				3A44C6022A9B5C00001AB40F /* SearchView.swift in Sources */,
				3A9124E12AAE103000EC0DCF /* FDPresentation.swift in Sources */,
				3A516D772AC0A27C00AF0BC9 /* VideoPlayer.swift in Sources */,
				3A9124D12AAE0F3E00EC0DCF /* FDItem.swift in Sources */,
				3A44C6122AA53D8A001AB40F /* StoryPromoRow.swift in Sources */,
				3A44C5D92A9A9F86001AB40F /* ContentView.swift in Sources */,
				3A9124D52AAE0F9500EC0DCF /* FDHierarchicalCollection.swift in Sources */,
				3A9124FD2AAE237B00EC0DCF /* View+Modify.swift in Sources */,
				3A9124FF2AAE289700EC0DCF /* ImageView.swift in Sources */,
				3A44C5D72A9A9F86001AB40F /* ReadBeebApp.swift in Sources */,
				3A9124FB2AAE221300EC0DCF /* SectionHeader.swift in Sources */,
				3AC017C22AC9E4690010EBBE /* FDSimplePromoGrid.swift in Sources */,
				3A4F65C72ADC7E72003673BF /* FDDestination+ShareUrl.swift in Sources */,
				3A9124C92AA6872F00EC0DCF /* StoryDetailView.swift in Sources */,
				3A9124CD2AAD3CF700EC0DCF /* FDData+StructuredItems.swift in Sources */,
				3A9124D72AAE0FAE00EC0DCF /* FDCollectionHeader.swift in Sources */,
				3A9124E92AAE10B200EC0DCF /* FDHeadline.swift in Sources */,
				3A9124F52AAE12EA00EC0DCF /* Int+FormattedTimestamp.swift in Sources */,
				3A9124E72AAE106F00EC0DCF /* FDMedia.swift in Sources */,
				3A516D7D2AC0CF5200AF0BC9 /* FDCopyright.swift in Sources */,
				3A44C6042A9B63D8001AB40F /* Constants.swift in Sources */,
				3A9124CF2AAE0F2400EC0DCF /* FDData.swift in Sources */,
				3A75FA3A2AC87DCF00393014 /* TopicResult.swift in Sources */,
				3A44C6002A9B5BF2001AB40F /* VideoView.swift in Sources */,
				3A9124F72AAE13DB00EC0DCF /* FDImage+ImageUrl.swift in Sources */,
				3A9124E32AAE104100EC0DCF /* FDTopic.swift in Sources */,
				3A516D752AC09B5A00AF0BC9 /* MediaSelectorResult+ValidMedia.swift in Sources */,
				3A4F65C92ADC822B003673BF /* StoryView.swift in Sources */,
				3A44C60A2A9B73BA001AB40F /* CollectionHeader.swift in Sources */,
				3A4F65CB2ADC8AB9003673BF /* Billboard.swift in Sources */,
				3A9124F12AAE110900EC0DCF /* FDWeatherPromoSummary.swift in Sources */,
				3A44C5FA2A9B5AA7001AB40F /* TopStoriesView.swift in Sources */,
				3A516D712AB26BE000AF0BC9 /* MediaSelectorConnection.swift in Sources */,
				3A9124F32AAE112000EC0DCF /* FDChipList.swift in Sources */,
				3A9124F92AAE20CD00EC0DCF /* TextContainer.swift in Sources */,
				3A9125072AAFC39200EC0DCF /* Headline.swift in Sources */,
				3A44C5FE2A9B5BE2001AB40F /* PopularView.swift in Sources */,
				3A9125032AAFAE6500EC0DCF /* String+Substring.swift in Sources */,
				3A9124DF2AAE102000EC0DCF /* FDLink.swift in Sources */,
				3AC017C42AC9E8620010EBBE /* SimplePromoGrid.swift in Sources */,
				3A9125012AAE82C800EC0DCF /* StoryWebView.swift in Sources */,
				3A9124D92AAE0FC500EC0DCF /* FDSimpleCollection.swift in Sources */,
				3A75FA382AC87D6A00393014 /* Topic.swift in Sources */,
				3A516D6D2AB26AA000AF0BC9 /* MediaSelectorResult.swift in Sources */,
				3A516D682AB25D1400AF0BC9 /* MediaView.swift in Sources */,
				3A9125052AAFB9A700EC0DCF /* ContentList.swift in Sources */,
				3A9124ED2AAE10E500EC0DCF /* FDContentList.swift in Sources */,
				3A44C6082A9B739E001AB40F /* HierarchicalCollection.swift in Sources */,
				3A516D732ABF1AA200AF0BC9 /* NetworkRequestStatus.swift in Sources */,
				3A9124DD2AAE100700EC0DCF /* FDStoryPromo.swift in Sources */,
				3A44C60C2A9B73D5001AB40F /* SimpleCollection.swift in Sources */,
				3AC017C02AC9BDB30010EBBE /* Bundle+Decode.swift in Sources */,
				3A516D7B2AC0A2F500AF0BC9 /* BBCIPlayerVideoPlayer.swift in Sources */,
				3A9124CB2AAD2CCD00EC0DCF /* FDResult.swift in Sources */,
				3A516D6F2AB26BCC00AF0BC9 /* MediaSelectorItem.swift in Sources */,
				3A44C5FC2A9B5BD0001AB40F /* MyNewsView.swift in Sources */,
				3A9124DB2AAE0FF500EC0DCF /* FDCarousel.swift in Sources */,
				3A9124EF2AAE10F300EC0DCF /* FDSectionHeader.swift in Sources */,
			);
			runOnlyForDeploymentPostprocessing = 0;
		};
/* End PBXSourcesBuildPhase section */

/* Begin XCBuildConfiguration section */
		3A44C5E02A9A9F87001AB40F /* Debug */ = {
			isa = XCBuildConfiguration;
			buildSettings = {
				ALWAYS_SEARCH_USER_PATHS = NO;
				ASSETCATALOG_COMPILER_GENERATE_SWIFT_ASSET_SYMBOL_EXTENSIONS = YES;
				CLANG_ANALYZER_NONNULL = YES;
				CLANG_ANALYZER_NUMBER_OBJECT_CONVERSION = YES_AGGRESSIVE;
				CLANG_CXX_LANGUAGE_STANDARD = "gnu++20";
				CLANG_ENABLE_MODULES = YES;
				CLANG_ENABLE_OBJC_ARC = YES;
				CLANG_ENABLE_OBJC_WEAK = YES;
				CLANG_WARN_BLOCK_CAPTURE_AUTORELEASING = YES;
				CLANG_WARN_BOOL_CONVERSION = YES;
				CLANG_WARN_COMMA = YES;
				CLANG_WARN_CONSTANT_CONVERSION = YES;
				CLANG_WARN_DEPRECATED_OBJC_IMPLEMENTATIONS = YES;
				CLANG_WARN_DIRECT_OBJC_ISA_USAGE = YES_ERROR;
				CLANG_WARN_DOCUMENTATION_COMMENTS = YES;
				CLANG_WARN_EMPTY_BODY = YES;
				CLANG_WARN_ENUM_CONVERSION = YES;
				CLANG_WARN_INFINITE_RECURSION = YES;
				CLANG_WARN_INT_CONVERSION = YES;
				CLANG_WARN_NON_LITERAL_NULL_CONVERSION = YES;
				CLANG_WARN_OBJC_IMPLICIT_RETAIN_SELF = YES;
				CLANG_WARN_OBJC_LITERAL_CONVERSION = YES;
				CLANG_WARN_OBJC_ROOT_CLASS = YES_ERROR;
				CLANG_WARN_QUOTED_INCLUDE_IN_FRAMEWORK_HEADER = YES;
				CLANG_WARN_RANGE_LOOP_ANALYSIS = YES;
				CLANG_WARN_STRICT_PROTOTYPES = YES;
				CLANG_WARN_SUSPICIOUS_MOVE = YES;
				CLANG_WARN_UNGUARDED_AVAILABILITY = YES_AGGRESSIVE;
				CLANG_WARN_UNREACHABLE_CODE = YES;
				CLANG_WARN__DUPLICATE_METHOD_MATCH = YES;
				COPY_PHASE_STRIP = NO;
				DEAD_CODE_STRIPPING = YES;
				DEBUG_INFORMATION_FORMAT = dwarf;
				ENABLE_STRICT_OBJC_MSGSEND = YES;
				ENABLE_TESTABILITY = YES;
				ENABLE_USER_SCRIPT_SANDBOXING = YES;
				GCC_C_LANGUAGE_STANDARD = gnu11;
				GCC_DYNAMIC_NO_PIC = NO;
				GCC_NO_COMMON_BLOCKS = YES;
				GCC_OPTIMIZATION_LEVEL = 0;
				GCC_PREPROCESSOR_DEFINITIONS = (
					"DEBUG=1",
					"$(inherited)",
				);
				GCC_WARN_64_TO_32_BIT_CONVERSION = YES;
				GCC_WARN_ABOUT_RETURN_TYPE = YES_ERROR;
				GCC_WARN_UNDECLARED_SELECTOR = YES;
				GCC_WARN_UNINITIALIZED_AUTOS = YES_AGGRESSIVE;
				GCC_WARN_UNUSED_FUNCTION = YES;
				GCC_WARN_UNUSED_VARIABLE = YES;
				MTL_ENABLE_DEBUG_INFO = INCLUDE_SOURCE;
				MTL_FAST_MATH = YES;
				ONLY_ACTIVE_ARCH = YES;
				SWIFT_ACTIVE_COMPILATION_CONDITIONS = DEBUG;
				SWIFT_OPTIMIZATION_LEVEL = "-Onone";
			};
			name = Debug;
		};
		3A44C5E12A9A9F87001AB40F /* Release */ = {
			isa = XCBuildConfiguration;
			buildSettings = {
				ALWAYS_SEARCH_USER_PATHS = NO;
				ASSETCATALOG_COMPILER_GENERATE_SWIFT_ASSET_SYMBOL_EXTENSIONS = YES;
				CLANG_ANALYZER_NONNULL = YES;
				CLANG_ANALYZER_NUMBER_OBJECT_CONVERSION = YES_AGGRESSIVE;
				CLANG_CXX_LANGUAGE_STANDARD = "gnu++20";
				CLANG_ENABLE_MODULES = YES;
				CLANG_ENABLE_OBJC_ARC = YES;
				CLANG_ENABLE_OBJC_WEAK = YES;
				CLANG_WARN_BLOCK_CAPTURE_AUTORELEASING = YES;
				CLANG_WARN_BOOL_CONVERSION = YES;
				CLANG_WARN_COMMA = YES;
				CLANG_WARN_CONSTANT_CONVERSION = YES;
				CLANG_WARN_DEPRECATED_OBJC_IMPLEMENTATIONS = YES;
				CLANG_WARN_DIRECT_OBJC_ISA_USAGE = YES_ERROR;
				CLANG_WARN_DOCUMENTATION_COMMENTS = YES;
				CLANG_WARN_EMPTY_BODY = YES;
				CLANG_WARN_ENUM_CONVERSION = YES;
				CLANG_WARN_INFINITE_RECURSION = YES;
				CLANG_WARN_INT_CONVERSION = YES;
				CLANG_WARN_NON_LITERAL_NULL_CONVERSION = YES;
				CLANG_WARN_OBJC_IMPLICIT_RETAIN_SELF = YES;
				CLANG_WARN_OBJC_LITERAL_CONVERSION = YES;
				CLANG_WARN_OBJC_ROOT_CLASS = YES_ERROR;
				CLANG_WARN_QUOTED_INCLUDE_IN_FRAMEWORK_HEADER = YES;
				CLANG_WARN_RANGE_LOOP_ANALYSIS = YES;
				CLANG_WARN_STRICT_PROTOTYPES = YES;
				CLANG_WARN_SUSPICIOUS_MOVE = YES;
				CLANG_WARN_UNGUARDED_AVAILABILITY = YES_AGGRESSIVE;
				CLANG_WARN_UNREACHABLE_CODE = YES;
				CLANG_WARN__DUPLICATE_METHOD_MATCH = YES;
				COPY_PHASE_STRIP = NO;
				DEAD_CODE_STRIPPING = YES;
				DEBUG_INFORMATION_FORMAT = "dwarf-with-dsym";
				ENABLE_NS_ASSERTIONS = NO;
				ENABLE_STRICT_OBJC_MSGSEND = YES;
				ENABLE_USER_SCRIPT_SANDBOXING = YES;
				GCC_C_LANGUAGE_STANDARD = gnu11;
				GCC_NO_COMMON_BLOCKS = YES;
				GCC_WARN_64_TO_32_BIT_CONVERSION = YES;
				GCC_WARN_ABOUT_RETURN_TYPE = YES_ERROR;
				GCC_WARN_UNDECLARED_SELECTOR = YES;
				GCC_WARN_UNINITIALIZED_AUTOS = YES_AGGRESSIVE;
				GCC_WARN_UNUSED_FUNCTION = YES;
				GCC_WARN_UNUSED_VARIABLE = YES;
				MTL_ENABLE_DEBUG_INFO = NO;
				MTL_FAST_MATH = YES;
				SWIFT_COMPILATION_MODE = wholemodule;
				SWIFT_OPTIMIZATION_LEVEL = "-O";
			};
			name = Release;
		};
		3A44C5E32A9A9F87001AB40F /* Debug */ = {
			isa = XCBuildConfiguration;
			buildSettings = {
				ASSETCATALOG_COMPILER_APPICON_NAME = AppIcon;
				ASSETCATALOG_COMPILER_GLOBAL_ACCENT_COLOR_NAME = AccentColor;
				CODE_SIGN_ENTITLEMENTS = ReadBeeb/ReadBeeb.entitlements;
				CODE_SIGN_STYLE = Automatic;
				CURRENT_PROJECT_VERSION = 1;
				DEAD_CODE_STRIPPING = YES;
				DEVELOPMENT_ASSET_PATHS = "\"ReadBeeb/Preview Content\"";
				DEVELOPMENT_TEAM = 9A9X3S8Q4P;
				ENABLE_HARDENED_RUNTIME = YES;
				ENABLE_PREVIEWS = YES;
				GENERATE_INFOPLIST_FILE = YES;
				INFOPLIST_KEY_CFBundleDisplayName = "ReadBeeb - DEBUG";
				"INFOPLIST_KEY_UIApplicationSceneManifest_Generation[sdk=iphoneos*]" = YES;
				"INFOPLIST_KEY_UIApplicationSceneManifest_Generation[sdk=iphonesimulator*]" = YES;
				"INFOPLIST_KEY_UIApplicationSupportsIndirectInputEvents[sdk=iphoneos*]" = YES;
				"INFOPLIST_KEY_UIApplicationSupportsIndirectInputEvents[sdk=iphonesimulator*]" = YES;
				"INFOPLIST_KEY_UILaunchScreen_Generation[sdk=iphoneos*]" = YES;
				"INFOPLIST_KEY_UILaunchScreen_Generation[sdk=iphonesimulator*]" = YES;
				"INFOPLIST_KEY_UIStatusBarStyle[sdk=iphoneos*]" = UIStatusBarStyleDefault;
				"INFOPLIST_KEY_UIStatusBarStyle[sdk=iphonesimulator*]" = UIStatusBarStyleDefault;
				INFOPLIST_KEY_UISupportedInterfaceOrientations_iPad = "UIInterfaceOrientationPortrait UIInterfaceOrientationPortraitUpsideDown UIInterfaceOrientationLandscapeLeft UIInterfaceOrientationLandscapeRight";
				INFOPLIST_KEY_UISupportedInterfaceOrientations_iPhone = "UIInterfaceOrientationPortrait UIInterfaceOrientationLandscapeLeft UIInterfaceOrientationLandscapeRight";
				IPHONEOS_DEPLOYMENT_TARGET = 17.0;
				LD_RUNPATH_SEARCH_PATHS = "@executable_path/Frameworks";
				"LD_RUNPATH_SEARCH_PATHS[sdk=macosx*]" = "@executable_path/../Frameworks";
				MACOSX_DEPLOYMENT_TARGET = 14.0;
				MARKETING_VERSION = 1.0;
				PRODUCT_BUNDLE_IDENTIFIER = uk.co.bilaal.ReadBeeb.debug;
				PRODUCT_NAME = "$(TARGET_NAME)";
				SDKROOT = auto;
				SUPPORTED_PLATFORMS = "iphoneos iphonesimulator macosx";
				SWIFT_EMIT_LOC_STRINGS = YES;
				SWIFT_VERSION = 5.0;
				TARGETED_DEVICE_FAMILY = "1,2";
			};
			name = Debug;
		};
		3A44C5E42A9A9F87001AB40F /* Release */ = {
			isa = XCBuildConfiguration;
			buildSettings = {
				ASSETCATALOG_COMPILER_APPICON_NAME = AppIcon;
				ASSETCATALOG_COMPILER_GLOBAL_ACCENT_COLOR_NAME = AccentColor;
				CODE_SIGN_ENTITLEMENTS = ReadBeeb/ReadBeeb.entitlements;
				CODE_SIGN_STYLE = Automatic;
				CURRENT_PROJECT_VERSION = 1;
				DEAD_CODE_STRIPPING = YES;
				DEVELOPMENT_ASSET_PATHS = "\"ReadBeeb/Preview Content\"";
				DEVELOPMENT_TEAM = 9A9X3S8Q4P;
				ENABLE_HARDENED_RUNTIME = YES;
				ENABLE_PREVIEWS = YES;
				GENERATE_INFOPLIST_FILE = YES;
				INFOPLIST_KEY_CFBundleDisplayName = ReadBeeb;
				"INFOPLIST_KEY_UIApplicationSceneManifest_Generation[sdk=iphoneos*]" = YES;
				"INFOPLIST_KEY_UIApplicationSceneManifest_Generation[sdk=iphonesimulator*]" = YES;
				"INFOPLIST_KEY_UIApplicationSupportsIndirectInputEvents[sdk=iphoneos*]" = YES;
				"INFOPLIST_KEY_UIApplicationSupportsIndirectInputEvents[sdk=iphonesimulator*]" = YES;
				"INFOPLIST_KEY_UILaunchScreen_Generation[sdk=iphoneos*]" = YES;
				"INFOPLIST_KEY_UILaunchScreen_Generation[sdk=iphonesimulator*]" = YES;
				"INFOPLIST_KEY_UIStatusBarStyle[sdk=iphoneos*]" = UIStatusBarStyleDefault;
				"INFOPLIST_KEY_UIStatusBarStyle[sdk=iphonesimulator*]" = UIStatusBarStyleDefault;
				INFOPLIST_KEY_UISupportedInterfaceOrientations_iPad = "UIInterfaceOrientationPortrait UIInterfaceOrientationPortraitUpsideDown UIInterfaceOrientationLandscapeLeft UIInterfaceOrientationLandscapeRight";
				INFOPLIST_KEY_UISupportedInterfaceOrientations_iPhone = "UIInterfaceOrientationPortrait UIInterfaceOrientationLandscapeLeft UIInterfaceOrientationLandscapeRight";
				IPHONEOS_DEPLOYMENT_TARGET = 17.0;
				LD_RUNPATH_SEARCH_PATHS = "@executable_path/Frameworks";
				"LD_RUNPATH_SEARCH_PATHS[sdk=macosx*]" = "@executable_path/../Frameworks";
				MACOSX_DEPLOYMENT_TARGET = 14.0;
				MARKETING_VERSION = 1.0;
				PRODUCT_BUNDLE_IDENTIFIER = uk.co.bilaal.ReadBeeb;
				PRODUCT_NAME = "$(TARGET_NAME)";
				SDKROOT = auto;
				SUPPORTED_PLATFORMS = "iphoneos iphonesimulator macosx";
				SWIFT_EMIT_LOC_STRINGS = YES;
				SWIFT_VERSION = 5.0;
				TARGETED_DEVICE_FAMILY = "1,2";
			};
			name = Release;
		};
/* End XCBuildConfiguration section */

/* Begin XCConfigurationList section */
		3A44C5CE2A9A9F86001AB40F /* Build configuration list for PBXProject "ReadBeeb" */ = {
			isa = XCConfigurationList;
			buildConfigurations = (
				3A44C5E02A9A9F87001AB40F /* Debug */,
				3A44C5E12A9A9F87001AB40F /* Release */,
			);
			defaultConfigurationIsVisible = 0;
			defaultConfigurationName = Release;
		};
		3A44C5E22A9A9F87001AB40F /* Build configuration list for PBXNativeTarget "ReadBeeb" */ = {
			isa = XCConfigurationList;
			buildConfigurations = (
				3A44C5E32A9A9F87001AB40F /* Debug */,
				3A44C5E42A9A9F87001AB40F /* Release */,
			);
			defaultConfigurationIsVisible = 0;
			defaultConfigurationName = Release;
		};
/* End XCConfigurationList section */

/* Begin XCRemoteSwiftPackageReference section */
		3A44C5EC2A9AAD03001AB40F /* XCRemoteSwiftPackageReference "Alamofire" */ = {
			isa = XCRemoteSwiftPackageReference;
			repositoryURL = "https://github.com/Alamofire/Alamofire.git";
			requirement = {
				kind = upToNextMajorVersion;
				minimumVersion = 5.0.0;
			};
		};
/* End XCRemoteSwiftPackageReference section */

/* Begin XCSwiftPackageProductDependency section */
		3A44C5ED2A9AAD03001AB40F /* Alamofire */ = {
			isa = XCSwiftPackageProductDependency;
			package = 3A44C5EC2A9AAD03001AB40F /* XCRemoteSwiftPackageReference "Alamofire" */;
			productName = Alamofire;
		};
/* End XCSwiftPackageProductDependency section */
	};
	rootObject = 3A44C5CB2A9A9F86001AB40F /* Project object */;
}
